// !$*UTF8*$!
{
	archiveVersion = 1;
	classes = {
	};
	objectVersion = 77;
	objects = {

/* Begin PBXBuildFile section */
		AA85B7B62D4355490086790A /* ViewInspector in Frameworks */ = {isa = PBXBuildFile; productRef = AA85B7B52D4355490086790A /* ViewInspector */; };
		AA85C5CA2D43A0720086790A /* InlineSnapshotTesting in Frameworks */ = {isa = PBXBuildFile; productRef = AA85C5C92D43A0720086790A /* InlineSnapshotTesting */; };
		AA85C5CC2D43A0720086790A /* SnapshotTesting in Frameworks */ = {isa = PBXBuildFile; productRef = AA85C5CB2D43A0720086790A /* SnapshotTesting */; };
		AAACB1C32D3A56DC00B6B9C9 /* Kingfisher in Frameworks */ = {isa = PBXBuildFile; productRef = AAACB1C22D3A56DC00B6B9C9 /* Kingfisher */; };
/* End PBXBuildFile section */

/* Begin PBXContainerItemProxy section */
		AAACB1092D3A1D7C00B6B9C9 /* PBXContainerItemProxy */ = {
			isa = PBXContainerItemProxy;
			containerPortal = AAACB0EF2D3A1D7B00B6B9C9 /* Project object */;
			proxyType = 1;
			remoteGlobalIDString = AAACB0F62D3A1D7B00B6B9C9;
			remoteInfo = Galaxy;
		};
		AAACB1132D3A1D7C00B6B9C9 /* PBXContainerItemProxy */ = {
			isa = PBXContainerItemProxy;
			containerPortal = AAACB0EF2D3A1D7B00B6B9C9 /* Project object */;
			proxyType = 1;
			remoteGlobalIDString = AAACB0F62D3A1D7B00B6B9C9;
			remoteInfo = Galaxy;
		};
/* End PBXContainerItemProxy section */

/* Begin PBXFileReference section */
		AA1518EB2D3A63A00065C8B0 /* Galaxy.xctestplan */ = {isa = PBXFileReference; lastKnownFileType = text; path = Galaxy.xctestplan; sourceTree = "<group>"; };
		AAACB0F72D3A1D7B00B6B9C9 /* Galaxy.app */ = {isa = PBXFileReference; explicitFileType = wrapper.application; includeInIndex = 0; path = Galaxy.app; sourceTree = BUILT_PRODUCTS_DIR; };
		AAACB1082D3A1D7C00B6B9C9 /* GalaxyTests.xctest */ = {isa = PBXFileReference; explicitFileType = wrapper.cfbundle; includeInIndex = 0; path = GalaxyTests.xctest; sourceTree = BUILT_PRODUCTS_DIR; };
		AAACB1122D3A1D7C00B6B9C9 /* GalaxyUITests.xctest */ = {isa = PBXFileReference; explicitFileType = wrapper.cfbundle; includeInIndex = 0; path = GalaxyUITests.xctest; sourceTree = BUILT_PRODUCTS_DIR; };
/* End PBXFileReference section */

/* Begin PBXFileSystemSynchronizedRootGroup section */
		AAACB0F92D3A1D7B00B6B9C9 /* Galaxy */ = {
			isa = PBXFileSystemSynchronizedRootGroup;
			path = Galaxy;
			sourceTree = "<group>";
		};
		AAACB10B2D3A1D7C00B6B9C9 /* GalaxyTests */ = {
			isa = PBXFileSystemSynchronizedRootGroup;
			path = GalaxyTests;
			sourceTree = "<group>";
		};
		AAACB1152D3A1D7C00B6B9C9 /* GalaxyUITests */ = {
			isa = PBXFileSystemSynchronizedRootGroup;
			path = GalaxyUITests;
			sourceTree = "<group>";
		};
/* End PBXFileSystemSynchronizedRootGroup section */

/* Begin PBXFrameworksBuildPhase section */
		AAACB0F42D3A1D7B00B6B9C9 /* Frameworks */ = {
			isa = PBXFrameworksBuildPhase;
			buildActionMask = 2147483647;
			files = (
				AAACB1C32D3A56DC00B6B9C9 /* Kingfisher in Frameworks */,
			);
			runOnlyForDeploymentPostprocessing = 0;
		};
		AAACB1052D3A1D7C00B6B9C9 /* Frameworks */ = {
			isa = PBXFrameworksBuildPhase;
			buildActionMask = 2147483647;
			files = (
				AA85C5CC2D43A0720086790A /* SnapshotTesting in Frameworks */,
				AA85C5CA2D43A0720086790A /* InlineSnapshotTesting in Frameworks */,
				AA85B7B62D4355490086790A /* ViewInspector in Frameworks */,
			);
			runOnlyForDeploymentPostprocessing = 0;
		};
		AAACB10F2D3A1D7C00B6B9C9 /* Frameworks */ = {
			isa = PBXFrameworksBuildPhase;
			buildActionMask = 2147483647;
			files = (
			);
			runOnlyForDeploymentPostprocessing = 0;
		};
/* End PBXFrameworksBuildPhase section */

/* Begin PBXGroup section */
		AAACB0EE2D3A1D7B00B6B9C9 = {
			isa = PBXGroup;
			children = (
				AAACB1C12D3A56DC00B6B9C9 /* Frameworks */,
				AAACB0F92D3A1D7B00B6B9C9 /* Galaxy */,
				AA1518EB2D3A63A00065C8B0 /* Galaxy.xctestplan */,
				AAACB10B2D3A1D7C00B6B9C9 /* GalaxyTests */,
				AAACB1152D3A1D7C00B6B9C9 /* GalaxyUITests */,
				AAACB0F82D3A1D7B00B6B9C9 /* Products */,
			);
			sourceTree = "<group>";
		};
		AAACB0F82D3A1D7B00B6B9C9 /* Products */ = {
			isa = PBXGroup;
			children = (
				AAACB0F72D3A1D7B00B6B9C9 /* Galaxy.app */,
				AAACB1082D3A1D7C00B6B9C9 /* GalaxyTests.xctest */,
				AAACB1122D3A1D7C00B6B9C9 /* GalaxyUITests.xctest */,
			);
			name = Products;
			sourceTree = "<group>";
		};
		AAACB1C12D3A56DC00B6B9C9 /* Frameworks */ = {
			isa = PBXGroup;
			children = (
			);
			name = Frameworks;
			sourceTree = "<group>";
		};
/* End PBXGroup section */

/* Begin PBXNativeTarget section */
		AAACB0F62D3A1D7B00B6B9C9 /* Galaxy */ = {
			isa = PBXNativeTarget;
			buildConfigurationList = AAACB11C2D3A1D7C00B6B9C9 /* Build configuration list for PBXNativeTarget "Galaxy" */;
			buildPhases = (
				AAACB0F32D3A1D7B00B6B9C9 /* Sources */,
				AAACB0F42D3A1D7B00B6B9C9 /* Frameworks */,
				AAACB0F52D3A1D7B00B6B9C9 /* Resources */,
			);
			buildRules = (
			);
			dependencies = (
			);
			fileSystemSynchronizedGroups = (
				AAACB0F92D3A1D7B00B6B9C9 /* Galaxy */,
			);
			name = Galaxy;
			packageProductDependencies = (
				AAACB1C22D3A56DC00B6B9C9 /* Kingfisher */,
			);
			productName = Galaxy;
			productReference = AAACB0F72D3A1D7B00B6B9C9 /* Galaxy.app */;
			productType = "com.apple.product-type.application";
		};
		AAACB1072D3A1D7C00B6B9C9 /* GalaxyTests */ = {
			isa = PBXNativeTarget;
			buildConfigurationList = AAACB11F2D3A1D7C00B6B9C9 /* Build configuration list for PBXNativeTarget "GalaxyTests" */;
			buildPhases = (
				AAACB1042D3A1D7C00B6B9C9 /* Sources */,
				AAACB1052D3A1D7C00B6B9C9 /* Frameworks */,
				AAACB1062D3A1D7C00B6B9C9 /* Resources */,
			);
			buildRules = (
			);
			dependencies = (
				AAACB10A2D3A1D7C00B6B9C9 /* PBXTargetDependency */,
			);
			fileSystemSynchronizedGroups = (
				AAACB10B2D3A1D7C00B6B9C9 /* GalaxyTests */,
			);
			name = GalaxyTests;
			packageProductDependencies = (
				AA85B7B52D4355490086790A /* ViewInspector */,
				AA85C5C92D43A0720086790A /* InlineSnapshotTesting */,
				AA85C5CB2D43A0720086790A /* SnapshotTesting */,
			);
			productName = GalaxyTests;
			productReference = AAACB1082D3A1D7C00B6B9C9 /* GalaxyTests.xctest */;
			productType = "com.apple.product-type.bundle.unit-test";
		};
		AAACB1112D3A1D7C00B6B9C9 /* GalaxyUITests */ = {
			isa = PBXNativeTarget;
			buildConfigurationList = AAACB1222D3A1D7C00B6B9C9 /* Build configuration list for PBXNativeTarget "GalaxyUITests" */;
			buildPhases = (
				AAACB10E2D3A1D7C00B6B9C9 /* Sources */,
				AAACB10F2D3A1D7C00B6B9C9 /* Frameworks */,
				AAACB1102D3A1D7C00B6B9C9 /* Resources */,
			);
			buildRules = (
			);
			dependencies = (
				AAACB1142D3A1D7C00B6B9C9 /* PBXTargetDependency */,
			);
			fileSystemSynchronizedGroups = (
				AAACB1152D3A1D7C00B6B9C9 /* GalaxyUITests */,
			);
			name = GalaxyUITests;
			packageProductDependencies = (
			);
			productName = GalaxyUITests;
			productReference = AAACB1122D3A1D7C00B6B9C9 /* GalaxyUITests.xctest */;
			productType = "com.apple.product-type.bundle.ui-testing";
		};
/* End PBXNativeTarget section */

/* Begin PBXProject section */
		AAACB0EF2D3A1D7B00B6B9C9 /* Project object */ = {
			isa = PBXProject;
			attributes = {
				BuildIndependentTargetsInParallel = 1;
				LastSwiftUpdateCheck = 1620;
				LastUpgradeCheck = 1620;
				TargetAttributes = {
					AAACB0F62D3A1D7B00B6B9C9 = {
						CreatedOnToolsVersion = 16.2;
					};
					AAACB1072D3A1D7C00B6B9C9 = {
						CreatedOnToolsVersion = 16.2;
						TestTargetID = AAACB0F62D3A1D7B00B6B9C9;
					};
					AAACB1112D3A1D7C00B6B9C9 = {
						CreatedOnToolsVersion = 16.2;
						TestTargetID = AAACB0F62D3A1D7B00B6B9C9;
					};
				};
			};
			buildConfigurationList = AAACB0F22D3A1D7B00B6B9C9 /* Build configuration list for PBXProject "Galaxy" */;
			developmentRegion = en;
			hasScannedForEncodings = 0;
			knownRegions = (
				en,
				Base,
			);
			mainGroup = AAACB0EE2D3A1D7B00B6B9C9;
			minimizedProjectReferenceProxies = 1;
			packageReferences = (
				AAACB1C02D3A56B700B6B9C9 /* XCRemoteSwiftPackageReference "Kingfisher" */,
				AA85B7B42D4355490086790A /* XCRemoteSwiftPackageReference "ViewInspector" */,
				AA85C5C82D43A0720086790A /* XCRemoteSwiftPackageReference "swift-snapshot-testing" */,
			);
			preferredProjectObjectVersion = 77;
			productRefGroup = AAACB0F82D3A1D7B00B6B9C9 /* Products */;
			projectDirPath = "";
			projectRoot = "";
			targets = (
				AAACB0F62D3A1D7B00B6B9C9 /* Galaxy */,
				AAACB1072D3A1D7C00B6B9C9 /* GalaxyTests */,
				AAACB1112D3A1D7C00B6B9C9 /* GalaxyUITests */,
			);
		};
/* End PBXProject section */

/* Begin PBXResourcesBuildPhase section */
		AAACB0F52D3A1D7B00B6B9C9 /* Resources */ = {
			isa = PBXResourcesBuildPhase;
			buildActionMask = 2147483647;
			files = (
			);
			runOnlyForDeploymentPostprocessing = 0;
		};
		AAACB1062D3A1D7C00B6B9C9 /* Resources */ = {
			isa = PBXResourcesBuildPhase;
			buildActionMask = 2147483647;
			files = (
			);
			runOnlyForDeploymentPostprocessing = 0;
		};
		AAACB1102D3A1D7C00B6B9C9 /* Resources */ = {
			isa = PBXResourcesBuildPhase;
			buildActionMask = 2147483647;
			files = (
			);
			runOnlyForDeploymentPostprocessing = 0;
		};
/* End PBXResourcesBuildPhase section */

/* Begin PBXSourcesBuildPhase section */
		AAACB0F32D3A1D7B00B6B9C9 /* Sources */ = {
			isa = PBXSourcesBuildPhase;
			buildActionMask = 2147483647;
			files = (
			);
			runOnlyForDeploymentPostprocessing = 0;
		};
		AAACB1042D3A1D7C00B6B9C9 /* Sources */ = {
			isa = PBXSourcesBuildPhase;
			buildActionMask = 2147483647;
			files = (
			);
			runOnlyForDeploymentPostprocessing = 0;
		};
		AAACB10E2D3A1D7C00B6B9C9 /* Sources */ = {
			isa = PBXSourcesBuildPhase;
			buildActionMask = 2147483647;
			files = (
			);
			runOnlyForDeploymentPostprocessing = 0;
		};
/* End PBXSourcesBuildPhase section */

/* Begin PBXTargetDependency section */
		AAACB10A2D3A1D7C00B6B9C9 /* PBXTargetDependency */ = {
			isa = PBXTargetDependency;
			target = AAACB0F62D3A1D7B00B6B9C9 /* Galaxy */;
			targetProxy = AAACB1092D3A1D7C00B6B9C9 /* PBXContainerItemProxy */;
		};
		AAACB1142D3A1D7C00B6B9C9 /* PBXTargetDependency */ = {
			isa = PBXTargetDependency;
			target = AAACB0F62D3A1D7B00B6B9C9 /* Galaxy */;
			targetProxy = AAACB1132D3A1D7C00B6B9C9 /* PBXContainerItemProxy */;
		};
/* End PBXTargetDependency section */

/* Begin XCBuildConfiguration section */
		AAACB11A2D3A1D7C00B6B9C9 /* Debug */ = {
			isa = XCBuildConfiguration;
			buildSettings = {
				ALWAYS_SEARCH_USER_PATHS = NO;
				ASSETCATALOG_COMPILER_GENERATE_SWIFT_ASSET_SYMBOL_EXTENSIONS = YES;
				CLANG_ANALYZER_NONNULL = YES;
				CLANG_ANALYZER_NUMBER_OBJECT_CONVERSION = YES_AGGRESSIVE;
				CLANG_CXX_LANGUAGE_STANDARD = "gnu++20";
				CLANG_ENABLE_MODULES = YES;
				CLANG_ENABLE_OBJC_ARC = YES;
				CLANG_ENABLE_OBJC_WEAK = YES;
				CLANG_WARN_BLOCK_CAPTURE_AUTORELEASING = YES;
				CLANG_WARN_BOOL_CONVERSION = YES;
				CLANG_WARN_COMMA = YES;
				CLANG_WARN_CONSTANT_CONVERSION = YES;
				CLANG_WARN_DEPRECATED_OBJC_IMPLEMENTATIONS = YES;
				CLANG_WARN_DIRECT_OBJC_ISA_USAGE = YES_ERROR;
				CLANG_WARN_DOCUMENTATION_COMMENTS = YES;
				CLANG_WARN_EMPTY_BODY = YES;
				CLANG_WARN_ENUM_CONVERSION = YES;
				CLANG_WARN_INFINITE_RECURSION = YES;
				CLANG_WARN_INT_CONVERSION = YES;
				CLANG_WARN_NON_LITERAL_NULL_CONVERSION = YES;
				CLANG_WARN_OBJC_IMPLICIT_RETAIN_SELF = YES;
				CLANG_WARN_OBJC_LITERAL_CONVERSION = YES;
				CLANG_WARN_OBJC_ROOT_CLASS = YES_ERROR;
				CLANG_WARN_QUOTED_INCLUDE_IN_FRAMEWORK_HEADER = YES;
				CLANG_WARN_RANGE_LOOP_ANALYSIS = YES;
				CLANG_WARN_STRICT_PROTOTYPES = YES;
				CLANG_WARN_SUSPICIOUS_MOVE = YES;
				CLANG_WARN_UNGUARDED_AVAILABILITY = YES_AGGRESSIVE;
				CLANG_WARN_UNREACHABLE_CODE = YES;
				CLANG_WARN__DUPLICATE_METHOD_MATCH = YES;
				COPY_PHASE_STRIP = NO;
				DEBUG_INFORMATION_FORMAT = dwarf;
				ENABLE_STRICT_OBJC_MSGSEND = YES;
				ENABLE_TESTABILITY = YES;
				ENABLE_USER_SCRIPT_SANDBOXING = YES;
				GCC_C_LANGUAGE_STANDARD = gnu17;
				GCC_DYNAMIC_NO_PIC = NO;
				GCC_NO_COMMON_BLOCKS = YES;
				GCC_OPTIMIZATION_LEVEL = 0;
				GCC_PREPROCESSOR_DEFINITIONS = (
					"DEBUG=1",
					"$(inherited)",
				);
				GCC_WARN_64_TO_32_BIT_CONVERSION = YES;
				GCC_WARN_ABOUT_RETURN_TYPE = YES_ERROR;
				GCC_WARN_UNDECLARED_SELECTOR = YES;
				GCC_WARN_UNINITIALIZED_AUTOS = YES_AGGRESSIVE;
				GCC_WARN_UNUSED_FUNCTION = YES;
				GCC_WARN_UNUSED_VARIABLE = YES;
				LOCALIZATION_PREFERS_STRING_CATALOGS = YES;
				MTL_ENABLE_DEBUG_INFO = INCLUDE_SOURCE;
				MTL_FAST_MATH = YES;
				ONLY_ACTIVE_ARCH = YES;
				SWIFT_ACTIVE_COMPILATION_CONDITIONS = "DEBUG $(inherited)";
				SWIFT_OPTIMIZATION_LEVEL = "-Onone";
			};
			name = Debug;
		};
		AAACB11B2D3A1D7C00B6B9C9 /* Release */ = {
			isa = XCBuildConfiguration;
			buildSettings = {
				ALWAYS_SEARCH_USER_PATHS = NO;
				ASSETCATALOG_COMPILER_GENERATE_SWIFT_ASSET_SYMBOL_EXTENSIONS = YES;
				CLANG_ANALYZER_NONNULL = YES;
				CLANG_ANALYZER_NUMBER_OBJECT_CONVERSION = YES_AGGRESSIVE;
				CLANG_CXX_LANGUAGE_STANDARD = "gnu++20";
				CLANG_ENABLE_MODULES = YES;
				CLANG_ENABLE_OBJC_ARC = YES;
				CLANG_ENABLE_OBJC_WEAK = YES;
				CLANG_WARN_BLOCK_CAPTURE_AUTORELEASING = YES;
				CLANG_WARN_BOOL_CONVERSION = YES;
				CLANG_WARN_COMMA = YES;
				CLANG_WARN_CONSTANT_CONVERSION = YES;
				CLANG_WARN_DEPRECATED_OBJC_IMPLEMENTATIONS = YES;
				CLANG_WARN_DIRECT_OBJC_ISA_USAGE = YES_ERROR;
				CLANG_WARN_DOCUMENTATION_COMMENTS = YES;
				CLANG_WARN_EMPTY_BODY = YES;
				CLANG_WARN_ENUM_CONVERSION = YES;
				CLANG_WARN_INFINITE_RECURSION = YES;
				CLANG_WARN_INT_CONVERSION = YES;
				CLANG_WARN_NON_LITERAL_NULL_CONVERSION = YES;
				CLANG_WARN_OBJC_IMPLICIT_RETAIN_SELF = YES;
				CLANG_WARN_OBJC_LITERAL_CONVERSION = YES;
				CLANG_WARN_OBJC_ROOT_CLASS = YES_ERROR;
				CLANG_WARN_QUOTED_INCLUDE_IN_FRAMEWORK_HEADER = YES;
				CLANG_WARN_RANGE_LOOP_ANALYSIS = YES;
				CLANG_WARN_STRICT_PROTOTYPES = YES;
				CLANG_WARN_SUSPICIOUS_MOVE = YES;
				CLANG_WARN_UNGUARDED_AVAILABILITY = YES_AGGRESSIVE;
				CLANG_WARN_UNREACHABLE_CODE = YES;
				CLANG_WARN__DUPLICATE_METHOD_MATCH = YES;
				COPY_PHASE_STRIP = NO;
				DEBUG_INFORMATION_FORMAT = "dwarf-with-dsym";
				ENABLE_NS_ASSERTIONS = NO;
				ENABLE_STRICT_OBJC_MSGSEND = YES;
				ENABLE_USER_SCRIPT_SANDBOXING = YES;
				GCC_C_LANGUAGE_STANDARD = gnu17;
				GCC_NO_COMMON_BLOCKS = YES;
				GCC_WARN_64_TO_32_BIT_CONVERSION = YES;
				GCC_WARN_ABOUT_RETURN_TYPE = YES_ERROR;
				GCC_WARN_UNDECLARED_SELECTOR = YES;
				GCC_WARN_UNINITIALIZED_AUTOS = YES_AGGRESSIVE;
				GCC_WARN_UNUSED_FUNCTION = YES;
				GCC_WARN_UNUSED_VARIABLE = YES;
				LOCALIZATION_PREFERS_STRING_CATALOGS = YES;
				MTL_ENABLE_DEBUG_INFO = NO;
				MTL_FAST_MATH = YES;
				SWIFT_COMPILATION_MODE = wholemodule;
			};
			name = Release;
		};
		AAACB11D2D3A1D7C00B6B9C9 /* Debug */ = {
			isa = XCBuildConfiguration;
			buildSettings = {
				ASSETCATALOG_COMPILER_APPICON_NAME = AppIcon;
				ASSETCATALOG_COMPILER_GLOBAL_ACCENT_COLOR_NAME = AccentColor;
				CODE_SIGN_ENTITLEMENTS = Galaxy/Galaxy.entitlements;
				CODE_SIGN_STYLE = Automatic;
				CURRENT_PROJECT_VERSION = 1;
				DEVELOPMENT_ASSET_PATHS = "\"Galaxy/Resources/Preview Content\"";
				ENABLE_PREVIEWS = YES;
				GENERATE_INFOPLIST_FILE = YES;
				"INFOPLIST_KEY_UIApplicationSceneManifest_Generation[sdk=iphoneos*]" = YES;
				"INFOPLIST_KEY_UIApplicationSceneManifest_Generation[sdk=iphonesimulator*]" = YES;
				"INFOPLIST_KEY_UIApplicationSupportsIndirectInputEvents[sdk=iphoneos*]" = YES;
				"INFOPLIST_KEY_UIApplicationSupportsIndirectInputEvents[sdk=iphonesimulator*]" = YES;
				"INFOPLIST_KEY_UILaunchScreen_Generation[sdk=iphoneos*]" = YES;
				"INFOPLIST_KEY_UILaunchScreen_Generation[sdk=iphonesimulator*]" = YES;
				"INFOPLIST_KEY_UIStatusBarStyle[sdk=iphoneos*]" = UIStatusBarStyleDefault;
				"INFOPLIST_KEY_UIStatusBarStyle[sdk=iphonesimulator*]" = UIStatusBarStyleDefault;
				INFOPLIST_KEY_UISupportedInterfaceOrientations_iPad = "UIInterfaceOrientationPortrait UIInterfaceOrientationPortraitUpsideDown UIInterfaceOrientationLandscapeLeft UIInterfaceOrientationLandscapeRight";
				INFOPLIST_KEY_UISupportedInterfaceOrientations_iPhone = UIInterfaceOrientationPortrait;
				IPHONEOS_DEPLOYMENT_TARGET = 16.6;
				LD_RUNPATH_SEARCH_PATHS = "@executable_path/Frameworks";
				"LD_RUNPATH_SEARCH_PATHS[sdk=macosx*]" = "@executable_path/../Frameworks";
				MACOSX_DEPLOYMENT_TARGET = 15.1;
				MARKETING_VERSION = 1.0;
				PRODUCT_BUNDLE_IDENTIFIER = com.galaxy.Galaxy;
				PRODUCT_NAME = "$(TARGET_NAME)";
				SDKROOT = auto;
				SUPPORTED_PLATFORMS = "iphoneos iphonesimulator macosx xros xrsimulator";
				SWIFT_EMIT_LOC_STRINGS = YES;
				SWIFT_VERSION = 5.0;
				TARGETED_DEVICE_FAMILY = "1,2,7";
				XROS_DEPLOYMENT_TARGET = 2.2;
			};
			name = Debug;
		};
		AAACB11E2D3A1D7C00B6B9C9 /* Release */ = {
			isa = XCBuildConfiguration;
			buildSettings = {
				ASSETCATALOG_COMPILER_APPICON_NAME = AppIcon;
				ASSETCATALOG_COMPILER_GLOBAL_ACCENT_COLOR_NAME = AccentColor;
				CODE_SIGN_ENTITLEMENTS = Galaxy/Galaxy.entitlements;
				CODE_SIGN_STYLE = Automatic;
				CURRENT_PROJECT_VERSION = 1;
				DEVELOPMENT_ASSET_PATHS = "\"Galaxy/Resources/Preview Content\"";
				ENABLE_PREVIEWS = YES;
				GENERATE_INFOPLIST_FILE = YES;
				"INFOPLIST_KEY_UIApplicationSceneManifest_Generation[sdk=iphoneos*]" = YES;
				"INFOPLIST_KEY_UIApplicationSceneManifest_Generation[sdk=iphonesimulator*]" = YES;
				"INFOPLIST_KEY_UIApplicationSupportsIndirectInputEvents[sdk=iphoneos*]" = YES;
				"INFOPLIST_KEY_UIApplicationSupportsIndirectInputEvents[sdk=iphonesimulator*]" = YES;
				"INFOPLIST_KEY_UILaunchScreen_Generation[sdk=iphoneos*]" = YES;
				"INFOPLIST_KEY_UILaunchScreen_Generation[sdk=iphonesimulator*]" = YES;
				"INFOPLIST_KEY_UIStatusBarStyle[sdk=iphoneos*]" = UIStatusBarStyleDefault;
				"INFOPLIST_KEY_UIStatusBarStyle[sdk=iphonesimulator*]" = UIStatusBarStyleDefault;
				INFOPLIST_KEY_UISupportedInterfaceOrientations_iPad = "UIInterfaceOrientationPortrait UIInterfaceOrientationPortraitUpsideDown UIInterfaceOrientationLandscapeLeft UIInterfaceOrientationLandscapeRight";
				INFOPLIST_KEY_UISupportedInterfaceOrientations_iPhone = UIInterfaceOrientationPortrait;
				IPHONEOS_DEPLOYMENT_TARGET = 16.6;
				LD_RUNPATH_SEARCH_PATHS = "@executable_path/Frameworks";
				"LD_RUNPATH_SEARCH_PATHS[sdk=macosx*]" = "@executable_path/../Frameworks";
				MACOSX_DEPLOYMENT_TARGET = 15.1;
				MARKETING_VERSION = 1.0;
				PRODUCT_BUNDLE_IDENTIFIER = com.galaxy.Galaxy;
				PRODUCT_NAME = "$(TARGET_NAME)";
				SDKROOT = auto;
				SUPPORTED_PLATFORMS = "iphoneos iphonesimulator macosx xros xrsimulator";
				SWIFT_EMIT_LOC_STRINGS = YES;
				SWIFT_VERSION = 5.0;
				TARGETED_DEVICE_FAMILY = "1,2,7";
				XROS_DEPLOYMENT_TARGET = 2.2;
			};
			name = Release;
		};
		AAACB1202D3A1D7C00B6B9C9 /* Debug */ = {
			isa = XCBuildConfiguration;
			buildSettings = {
				BUNDLE_LOADER = "$(TEST_HOST)";
				CODE_SIGN_STYLE = Automatic;
				CURRENT_PROJECT_VERSION = 1;
				GENERATE_INFOPLIST_FILE = YES;
				INFOPLIST_KEY_UISupportedInterfaceOrientations = UIInterfaceOrientationPortrait;
				IPHONEOS_DEPLOYMENT_TARGET = 17.6;
				MACOSX_DEPLOYMENT_TARGET = 15.1;
				MARKETING_VERSION = 1.0;
				PRODUCT_BUNDLE_IDENTIFIER = com.galaxy.GalaxyTests;
				PRODUCT_NAME = "$(TARGET_NAME)";
				SDKROOT = auto;
				SUPPORTED_PLATFORMS = "iphoneos iphonesimulator macosx xros xrsimulator";
				SWIFT_EMIT_LOC_STRINGS = NO;
				SWIFT_VERSION = 5.0;
				TARGETED_DEVICE_FAMILY = "1,2,7";
				TEST_HOST = "$(BUILT_PRODUCTS_DIR)/Galaxy.app/$(BUNDLE_EXECUTABLE_FOLDER_PATH)/Galaxy";
				XROS_DEPLOYMENT_TARGET = 2.2;
			};
			name = Debug;
		};
		AAACB1212D3A1D7C00B6B9C9 /* Release */ = {
			isa = XCBuildConfiguration;
			buildSettings = {
				BUNDLE_LOADER = "$(TEST_HOST)";
				CODE_SIGN_STYLE = Automatic;
				CURRENT_PROJECT_VERSION = 1;
				GENERATE_INFOPLIST_FILE = YES;
				INFOPLIST_KEY_UISupportedInterfaceOrientations = UIInterfaceOrientationPortrait;
				IPHONEOS_DEPLOYMENT_TARGET = 17.6;
				MACOSX_DEPLOYMENT_TARGET = 15.1;
				MARKETING_VERSION = 1.0;
				PRODUCT_BUNDLE_IDENTIFIER = com.galaxy.GalaxyTests;
				PRODUCT_NAME = "$(TARGET_NAME)";
				SDKROOT = auto;
				SUPPORTED_PLATFORMS = "iphoneos iphonesimulator macosx xros xrsimulator";
				SWIFT_EMIT_LOC_STRINGS = NO;
				SWIFT_VERSION = 5.0;
				TARGETED_DEVICE_FAMILY = "1,2,7";
				TEST_HOST = "$(BUILT_PRODUCTS_DIR)/Galaxy.app/$(BUNDLE_EXECUTABLE_FOLDER_PATH)/Galaxy";
				XROS_DEPLOYMENT_TARGET = 2.2;
			};
			name = Release;
		};
		AAACB1232D3A1D7C00B6B9C9 /* Debug */ = {
			isa = XCBuildConfiguration;
			buildSettings = {
				CODE_SIGN_STYLE = Automatic;
				CURRENT_PROJECT_VERSION = 1;
				GENERATE_INFOPLIST_FILE = YES;
				IPHONEOS_DEPLOYMENT_TARGET = 16.6;
				MACOSX_DEPLOYMENT_TARGET = 15.1;
				MARKETING_VERSION = 1.0;
				PRODUCT_BUNDLE_IDENTIFIER = com.galaxy.GalaxyUITests;
				PRODUCT_NAME = "$(TARGET_NAME)";
				SDKROOT = auto;
				SUPPORTED_PLATFORMS = "iphoneos iphonesimulator macosx xros xrsimulator";
				SWIFT_EMIT_LOC_STRINGS = NO;
				SWIFT_VERSION = 5.0;
				TARGETED_DEVICE_FAMILY = "1,2,7";
				TEST_TARGET_NAME = Galaxy;
				XROS_DEPLOYMENT_TARGET = 2.2;
			};
			name = Debug;
		};
		AAACB1242D3A1D7C00B6B9C9 /* Release */ = {
			isa = XCBuildConfiguration;
			buildSettings = {
				CODE_SIGN_STYLE = Automatic;
				CURRENT_PROJECT_VERSION = 1;
				GENERATE_INFOPLIST_FILE = YES;
				IPHONEOS_DEPLOYMENT_TARGET = 16.6;
				MACOSX_DEPLOYMENT_TARGET = 15.1;
				MARKETING_VERSION = 1.0;
				PRODUCT_BUNDLE_IDENTIFIER = com.galaxy.GalaxyUITests;
				PRODUCT_NAME = "$(TARGET_NAME)";
				SDKROOT = auto;
				SUPPORTED_PLATFORMS = "iphoneos iphonesimulator macosx xros xrsimulator";
				SWIFT_EMIT_LOC_STRINGS = NO;
				SWIFT_VERSION = 5.0;
				TARGETED_DEVICE_FAMILY = "1,2,7";
				TEST_TARGET_NAME = Galaxy;
				XROS_DEPLOYMENT_TARGET = 2.2;
			};
			name = Release;
		};
/* End XCBuildConfiguration section */

/* Begin XCConfigurationList section */
		AAACB0F22D3A1D7B00B6B9C9 /* Build configuration list for PBXProject "Galaxy" */ = {
			isa = XCConfigurationList;
			buildConfigurations = (
				AAACB11A2D3A1D7C00B6B9C9 /* Debug */,
				AAACB11B2D3A1D7C00B6B9C9 /* Release */,
			);
			defaultConfigurationIsVisible = 0;
			defaultConfigurationName = Release;
		};
		AAACB11C2D3A1D7C00B6B9C9 /* Build configuration list for PBXNativeTarget "Galaxy" */ = {
			isa = XCConfigurationList;
			buildConfigurations = (
				AAACB11D2D3A1D7C00B6B9C9 /* Debug */,
				AAACB11E2D3A1D7C00B6B9C9 /* Release */,
			);
			defaultConfigurationIsVisible = 0;
			defaultConfigurationName = Release;
		};
		AAACB11F2D3A1D7C00B6B9C9 /* Build configuration list for PBXNativeTarget "GalaxyTests" */ = {
			isa = XCConfigurationList;
			buildConfigurations = (
				AAACB1202D3A1D7C00B6B9C9 /* Debug */,
				AAACB1212D3A1D7C00B6B9C9 /* Release */,
			);
			defaultConfigurationIsVisible = 0;
			defaultConfigurationName = Release;
		};
		AAACB1222D3A1D7C00B6B9C9 /* Build configuration list for PBXNativeTarget "GalaxyUITests" */ = {
			isa = XCConfigurationList;
			buildConfigurations = (
				AAACB1232D3A1D7C00B6B9C9 /* Debug */,
				AAACB1242D3A1D7C00B6B9C9 /* Release */,
			);
			defaultConfigurationIsVisible = 0;
			defaultConfigurationName = Release;
		};
/* End XCConfigurationList section */

/* Begin XCRemoteSwiftPackageReference section */
		AA85B7B42D4355490086790A /* XCRemoteSwiftPackageReference "ViewInspector" */ = {
			isa = XCRemoteSwiftPackageReference;
			repositoryURL = "https://github.com/nalexn/ViewInspector.git";
			requirement = {
				kind = upToNextMajorVersion;
				minimumVersion = 0.10.1;
			};
		};
		AA85C5C82D43A0720086790A /* XCRemoteSwiftPackageReference "swift-snapshot-testing" */ = {
			isa = XCRemoteSwiftPackageReference;
			repositoryURL = "https://github.com/pointfreeco/swift-snapshot-testing";
			requirement = {
				kind = upToNextMajorVersion;
				minimumVersion = 1.17.7;
			};
		};
		AAACB1C02D3A56B700B6B9C9 /* XCRemoteSwiftPackageReference "Kingfisher" */ = {
			isa = XCRemoteSwiftPackageReference;
			repositoryURL = "https://github.com/onevcat/Kingfisher.git";
			requirement = {
				kind = upToNextMajorVersion;
				minimumVersion = 8.1.3;
			};
		};
/* End XCRemoteSwiftPackageReference section */

/* Begin XCSwiftPackageProductDependency section */
		AA85B7B52D4355490086790A /* ViewInspector */ = {
			isa = XCSwiftPackageProductDependency;
			package = AA85B7B42D4355490086790A /* XCRemoteSwiftPackageReference "ViewInspector" */;
			productName = ViewInspector;
		};
		AA85C5C92D43A0720086790A /* InlineSnapshotTesting */ = {
			isa = XCSwiftPackageProductDependency;
			package = AA85C5C82D43A0720086790A /* XCRemoteSwiftPackageReference "swift-snapshot-testing" */;
			productName = InlineSnapshotTesting;
		};
		AA85C5CB2D43A0720086790A /* SnapshotTesting */ = {
			isa = XCSwiftPackageProductDependency;
			package = AA85C5C82D43A0720086790A /* XCRemoteSwiftPackageReference "swift-snapshot-testing" */;
			productName = SnapshotTesting;
		};
		AAACB1C22D3A56DC00B6B9C9 /* Kingfisher */ = {
			isa = XCSwiftPackageProductDependency;
			package = AAACB1C02D3A56B700B6B9C9 /* XCRemoteSwiftPackageReference "Kingfisher" */;
			productName = Kingfisher;
		};
/* End XCSwiftPackageProductDependency section */
	};
	rootObject = AAACB0EF2D3A1D7B00B6B9C9 /* Project object */;
}
